
Microsoft Visual Studio Solution File, Format Version 12.00
# Visual Studio Version 17
VisualStudioVersion = 17.4.33122.133
MinimumVisualStudioVersion = 10.0.40219.1
Project("{FAE04EC0-301F-11D3-BF4B-00C04F79EFBC}") = "Circle Tester TA", "Circle Tester TA\Circle Tester TA.csproj", "{383134FF-7BDD-4B7C-8F57-18EE33AC54FF}"
EndProject
Global
	GlobalSection(SolutionConfigurationPlatforms) = preSolution
		Debug|Any CPU = Debug|Any CPU
		Release|Any CPU = Release|Any CPU
	EndGlobalSection
	GlobalSection(ProjectConfigurationPlatforms) = postSolution
		{383134FF-7BDD-4B7C-8F57-18EE33AC54FF}.Debug|Any CPU.ActiveCfg = Debug|Any CPU
		{383134FF-7BDD-4B7C-8F57-18EE33AC54FF}.Debug|Any CPU.Build.0 = Debug|Any CPU
		{383134FF-7BDD-4B7C-8F57-18EE33AC54FF}.Release|Any CPU.ActiveCfg = Release|Any CPU
		{383134FF-7BDD-4B7C-8F57-18EE33AC54FF}.Release|Any CPU.Build.0 = Release|Any CPU
	EndGlobalSection
	GlobalSection(SolutionProperties) = preSolution
		HideSolutionNode = FALSE
	EndGlobalSection
	GlobalSection(ExtensibilityGlobals) = postSolution
		SolutionGuid = {09D7EF20-B219-4509-87AA-CF11B6CCAA8D}
	EndGlobalSection
EndGlobal
